// !$*UTF8*$!
{
	archiveVersion = 1;
	classes = {
	};
	objectVersion = 46;
	objects = {

/* Begin PBXBuildFile section */
		74B539461C684F7700AB9823 /* main.m in Sources */ = {isa = PBXBuildFile; fileRef = 74B539451C684F7700AB9823 /* main.m */; };
		74B539491C684F7700AB9823 /* AppDelegate.m in Sources */ = {isa = PBXBuildFile; fileRef = 74B539481C684F7700AB9823 /* AppDelegate.m */; };
		74B539511C684F7700AB9823 /* Assets.xcassets in Resources */ = {isa = PBXBuildFile; fileRef = 74B539501C684F7700AB9823 /* Assets.xcassets */; };
		74B539541C684F7700AB9823 /* LaunchScreen.storyboard in Resources */ = {isa = PBXBuildFile; fileRef = 74B539521C684F7700AB9823 /* LaunchScreen.storyboard */; };
		74B5395F1C684F7700AB9823 /* Photo_BombersTests.m in Sources */ = {isa = PBXBuildFile; fileRef = 74B5395E1C684F7700AB9823 /* Photo_BombersTests.m */; };
		74B5396A1C684F7700AB9823 /* Photo_BombersUITests.m in Sources */ = {isa = PBXBuildFile; fileRef = 74B539691C684F7700AB9823 /* Photo_BombersUITests.m */; };
		74B539791C68515A00AB9823 /* PhotosCollectionViewController.m in Sources */ = {isa = PBXBuildFile; fileRef = 74B539781C68515A00AB9823 /* PhotosCollectionViewController.m */; };
		74B5397C1C68595600AB9823 /* PhotoCellCollectionViewCell.m in Sources */ = {isa = PBXBuildFile; fileRef = 74B5397B1C68595600AB9823 /* PhotoCellCollectionViewCell.m */; };
/* End PBXBuildFile section */

/* Begin PBXContainerItemProxy section */
		74B5395B1C684F7700AB9823 /* PBXContainerItemProxy */ = {
			isa = PBXContainerItemProxy;
			containerPortal = 74B539391C684F7700AB9823 /* Project object */;
			proxyType = 1;
			remoteGlobalIDString = 74B539401C684F7700AB9823;
			remoteInfo = "Photo Bombers";
		};
		74B539661C684F7700AB9823 /* PBXContainerItemProxy */ = {
			isa = PBXContainerItemProxy;
			containerPortal = 74B539391C684F7700AB9823 /* Project object */;
			proxyType = 1;
			remoteGlobalIDString = 74B539401C684F7700AB9823;
			remoteInfo = "Photo Bombers";
		};
/* End PBXContainerItemProxy section */

/* Begin PBXFileReference section */
		74B539411C684F7700AB9823 /* Photo Bombers.app */ = {isa = PBXFileReference; explicitFileType = wrapper.application; includeInIndex = 0; path = "Photo Bombers.app"; sourceTree = BUILT_PRODUCTS_DIR; };
		74B539451C684F7700AB9823 /* main.m */ = {isa = PBXFileReference; lastKnownFileType = sourcecode.c.objc; path = main.m; sourceTree = "<group>"; };
		74B539471C684F7700AB9823 /* AppDelegate.h */ = {isa = PBXFileReference; lastKnownFileType = sourcecode.c.h; path = AppDelegate.h; sourceTree = "<group>"; };
		74B539481C684F7700AB9823 /* AppDelegate.m */ = {isa = PBXFileReference; lastKnownFileType = sourcecode.c.objc; path = AppDelegate.m; sourceTree = "<group>"; };
		74B539501C684F7700AB9823 /* Assets.xcassets */ = {isa = PBXFileReference; lastKnownFileType = folder.assetcatalog; path = Assets.xcassets; sourceTree = "<group>"; };
		74B539531C684F7700AB9823 /* Base */ = {isa = PBXFileReference; lastKnownFileType = file.storyboard; name = Base; path = Base.lproj/LaunchScreen.storyboard; sourceTree = "<group>"; };
		74B539551C684F7700AB9823 /* Info.plist */ = {isa = PBXFileReference; lastKnownFileType = text.plist.xml; path = Info.plist; sourceTree = "<group>"; };
		74B5395A1C684F7700AB9823 /* Photo BombersTests.xctest */ = {isa = PBXFileReference; explicitFileType = wrapper.cfbundle; includeInIndex = 0; path = "Photo BombersTests.xctest"; sourceTree = BUILT_PRODUCTS_DIR; };
		74B5395E1C684F7700AB9823 /* Photo_BombersTests.m */ = {isa = PBXFileReference; lastKnownFileType = sourcecode.c.objc; path = Photo_BombersTests.m; sourceTree = "<group>"; };
		74B539601C684F7700AB9823 /* Info.plist */ = {isa = PBXFileReference; lastKnownFileType = text.plist.xml; path = Info.plist; sourceTree = "<group>"; };
		74B539651C684F7700AB9823 /* Photo BombersUITests.xctest */ = {isa = PBXFileReference; explicitFileType = wrapper.cfbundle; includeInIndex = 0; path = "Photo BombersUITests.xctest"; sourceTree = BUILT_PRODUCTS_DIR; };
		74B539691C684F7700AB9823 /* Photo_BombersUITests.m */ = {isa = PBXFileReference; lastKnownFileType = sourcecode.c.objc; path = Photo_BombersUITests.m; sourceTree = "<group>"; };
		74B5396B1C684F7700AB9823 /* Info.plist */ = {isa = PBXFileReference; lastKnownFileType = text.plist.xml; path = Info.plist; sourceTree = "<group>"; };
		74B539771C68515A00AB9823 /* PhotosCollectionViewController.h */ = {isa = PBXFileReference; fileEncoding = 4; lastKnownFileType = sourcecode.c.h; path = PhotosCollectionViewController.h; sourceTree = "<group>"; };
		74B539781C68515A00AB9823 /* PhotosCollectionViewController.m */ = {isa = PBXFileReference; fileEncoding = 4; lastKnownFileType = sourcecode.c.objc; path = PhotosCollectionViewController.m; sourceTree = "<group>"; };
		74B5397A1C68595600AB9823 /* PhotoCellCollectionViewCell.h */ = {isa = PBXFileReference; fileEncoding = 4; lastKnownFileType = sourcecode.c.h; path = PhotoCellCollectionViewCell.h; sourceTree = "<group>"; };
		74B5397B1C68595600AB9823 /* PhotoCellCollectionViewCell.m */ = {isa = PBXFileReference; fileEncoding = 4; lastKnownFileType = sourcecode.c.objc; path = PhotoCellCollectionViewCell.m; sourceTree = "<group>"; };
/* End PBXFileReference section */

/* Begin PBXFrameworksBuildPhase section */
		74B5393E1C684F7700AB9823 /* Frameworks */ = {
			isa = PBXFrameworksBuildPhase;
			buildActionMask = 2147483647;
			files = (
			);
			runOnlyForDeploymentPostprocessing = 0;
		};
		74B539571C684F7700AB9823 /* Frameworks */ = {
			isa = PBXFrameworksBuildPhase;
			buildActionMask = 2147483647;
			files = (
			);
			runOnlyForDeploymentPostprocessing = 0;
		};
		74B539621C684F7700AB9823 /* Frameworks */ = {
			isa = PBXFrameworksBuildPhase;
			buildActionMask = 2147483647;
			files = (
			);
			runOnlyForDeploymentPostprocessing = 0;
		};
/* End PBXFrameworksBuildPhase section */

/* Begin PBXGroup section */
		74B539381C684F7700AB9823 = {
			isa = PBXGroup;
			children = (
				74B539431C684F7700AB9823 /* Photo Bombers */,
				74B5395D1C684F7700AB9823 /* Photo BombersTests */,
				74B539681C684F7700AB9823 /* Photo BombersUITests */,
				74B539421C684F7700AB9823 /* Products */,
			);
			sourceTree = "<group>";
		};
		74B539421C684F7700AB9823 /* Products */ = {
			isa = PBXGroup;
			children = (
				74B539411C684F7700AB9823 /* Photo Bombers.app */,
				74B5395A1C684F7700AB9823 /* Photo BombersTests.xctest */,
				74B539651C684F7700AB9823 /* Photo BombersUITests.xctest */,
			);
			name = Products;
			sourceTree = "<group>";
		};
		74B539431C684F7700AB9823 /* Photo Bombers */ = {
			isa = PBXGroup;
			children = (
				74B539771C68515A00AB9823 /* PhotosCollectionViewController.h */,
				74B539781C68515A00AB9823 /* PhotosCollectionViewController.m */,
				74B5397A1C68595600AB9823 /* PhotoCellCollectionViewCell.h */,
				74B5397B1C68595600AB9823 /* PhotoCellCollectionViewCell.m */,
				74B539471C684F7700AB9823 /* AppDelegate.h */,
				74B539481C684F7700AB9823 /* AppDelegate.m */,
				74B539501C684F7700AB9823 /* Assets.xcassets */,
				74B539521C684F7700AB9823 /* LaunchScreen.storyboard */,
				74B539551C684F7700AB9823 /* Info.plist */,
				74B539441C684F7700AB9823 /* Supporting Files */,
			);
			path = "Photo Bombers";
			sourceTree = "<group>";
		};
		74B539441C684F7700AB9823 /* Supporting Files */ = {
			isa = PBXGroup;
			children = (
				74B539451C684F7700AB9823 /* main.m */,
			);
			name = "Supporting Files";
			sourceTree = "<group>";
		};
		74B5395D1C684F7700AB9823 /* Photo BombersTests */ = {
			isa = PBXGroup;
			children = (
				74B5395E1C684F7700AB9823 /* Photo_BombersTests.m */,
				74B539601C684F7700AB9823 /* Info.plist */,
			);
			path = "Photo BombersTests";
			sourceTree = "<group>";
		};
		74B539681C684F7700AB9823 /* Photo BombersUITests */ = {
			isa = PBXGroup;
			children = (
				74B539691C684F7700AB9823 /* Photo_BombersUITests.m */,
				74B5396B1C684F7700AB9823 /* Info.plist */,
			);
			path = "Photo BombersUITests";
			sourceTree = "<group>";
		};
/* End PBXGroup section */

/* Begin PBXNativeTarget section */
		74B539401C684F7700AB9823 /* Photo Bombers */ = {
			isa = PBXNativeTarget;
			buildConfigurationList = 74B5396E1C684F7700AB9823 /* Build configuration list for PBXNativeTarget "Photo Bombers" */;
			buildPhases = (
				74B5393D1C684F7700AB9823 /* Sources */,
				74B5393E1C684F7700AB9823 /* Frameworks */,
				74B5393F1C684F7700AB9823 /* Resources */,
			);
			buildRules = (
			);
			dependencies = (
			);
			name = "Photo Bombers";
			productName = "Photo Bombers";
			productReference = 74B539411C684F7700AB9823 /* Photo Bombers.app */;
			productType = "com.apple.product-type.application";
		};
		74B539591C684F7700AB9823 /* Photo BombersTests */ = {
			isa = PBXNativeTarget;
			buildConfigurationList = 74B539711C684F7700AB9823 /* Build configuration list for PBXNativeTarget "Photo BombersTests" */;
			buildPhases = (
				74B539561C684F7700AB9823 /* Sources */,
				74B539571C684F7700AB9823 /* Frameworks */,
				74B539581C684F7700AB9823 /* Resources */,
			);
			buildRules = (
			);
			dependencies = (
				74B5395C1C684F7700AB9823 /* PBXTargetDependency */,
			);
			name = "Photo BombersTests";
			productName = "Photo BombersTests";
			productReference = 74B5395A1C684F7700AB9823 /* Photo BombersTests.xctest */;
			productType = "com.apple.product-type.bundle.unit-test";
		};
		74B539641C684F7700AB9823 /* Photo BombersUITests */ = {
			isa = PBXNativeTarget;
			buildConfigurationList = 74B539741C684F7700AB9823 /* Build configuration list for PBXNativeTarget "Photo BombersUITests" */;
			buildPhases = (
				74B539611C684F7700AB9823 /* Sources */,
				74B539621C684F7700AB9823 /* Frameworks */,
				74B539631C684F7700AB9823 /* Resources */,
			);
			buildRules = (
			);
			dependencies = (
				74B539671C684F7700AB9823 /* PBXTargetDependency */,
			);
			name = "Photo BombersUITests";
			productName = "Photo BombersUITests";
			productReference = 74B539651C684F7700AB9823 /* Photo BombersUITests.xctest */;
			productType = "com.apple.product-type.bundle.ui-testing";
		};
/* End PBXNativeTarget section */

/* Begin PBXProject section */
		74B539391C684F7700AB9823 /* Project object */ = {
			isa = PBXProject;
			attributes = {
				LastUpgradeCheck = 0720;
				ORGANIZATIONNAME = "Shan Rammah";
				TargetAttributes = {
					74B539401C684F7700AB9823 = {
						CreatedOnToolsVersion = 7.2;
					};
					74B539591C684F7700AB9823 = {
						CreatedOnToolsVersion = 7.2;
						TestTargetID = 74B539401C684F7700AB9823;
					};
					74B539641C684F7700AB9823 = {
						CreatedOnToolsVersion = 7.2;
						TestTargetID = 74B539401C684F7700AB9823;
					};
				};
			};
			buildConfigurationList = 74B5393C1C684F7700AB9823 /* Build configuration list for PBXProject "Photo Bombers" */;
			compatibilityVersion = "Xcode 3.2";
			developmentRegion = English;
			hasScannedForEncodings = 0;
			knownRegions = (
				en,
				Base,
			);
			mainGroup = 74B539381C684F7700AB9823;
			productRefGroup = 74B539421C684F7700AB9823 /* Products */;
			projectDirPath = "";
			projectRoot = "";
			targets = (
				74B539401C684F7700AB9823 /* Photo Bombers */,
				74B539591C684F7700AB9823 /* Photo BombersTests */,
				74B539641C684F7700AB9823 /* Photo BombersUITests */,
			);
		};
/* End PBXProject section */

/* Begin PBXResourcesBuildPhase section */
		74B5393F1C684F7700AB9823 /* Resources */ = {
			isa = PBXResourcesBuildPhase;
			buildActionMask = 2147483647;
			files = (
				74B539541C684F7700AB9823 /* LaunchScreen.storyboard in Resources */,
				74B539511C684F7700AB9823 /* Assets.xcassets in Resources */,
			);
			runOnlyForDeploymentPostprocessing = 0;
		};
		74B539581C684F7700AB9823 /* Resources */ = {
			isa = PBXResourcesBuildPhase;
			buildActionMask = 2147483647;
			files = (
			);
			runOnlyForDeploymentPostprocessing = 0;
		};
		74B539631C684F7700AB9823 /* Resources */ = {
			isa = PBXResourcesBuildPhase;
			buildActionMask = 2147483647;
			files = (
			);
			runOnlyForDeploymentPostprocessing = 0;
		};
/* End PBXResourcesBuildPhase section */

/* Begin PBXSourcesBuildPhase section */
		74B5393D1C684F7700AB9823 /* Sources */ = {
			isa = PBXSourcesBuildPhase;
			buildActionMask = 2147483647;
			files = (
				74B539491C684F7700AB9823 /* AppDelegate.m in Sources */,
				74B5397C1C68595600AB9823 /* PhotoCellCollectionViewCell.m in Sources */,
				74B539791C68515A00AB9823 /* PhotosCollectionViewController.m in Sources */,
				74B539461C684F7700AB9823 /* main.m in Sources */,
			);
			runOnlyForDeploymentPostprocessing = 0;
		};
		74B539561C684F7700AB9823 /* Sources */ = {
			isa = PBXSourcesBuildPhase;
			buildActionMask = 2147483647;
			files = (
				74B5395F1C684F7700AB9823 /* Photo_BombersTests.m in Sources */,
			);
			runOnlyForDeploymentPostprocessing = 0;
		};
		74B539611C684F7700AB9823 /* Sources */ = {
			isa = PBXSourcesBuildPhase;
			buildActionMask = 2147483647;
			files = (
				74B5396A1C684F7700AB9823 /* Photo_BombersUITests.m in Sources */,
			);
			runOnlyForDeploymentPostprocessing = 0;
		};
/* End PBXSourcesBuildPhase section */

/* Begin PBXTargetDependency section */
		74B5395C1C684F7700AB9823 /* PBXTargetDependency */ = {
			isa = PBXTargetDependency;
			target = 74B539401C684F7700AB9823 /* Photo Bombers */;
			targetProxy = 74B5395B1C684F7700AB9823 /* PBXContainerItemProxy */;
		};
		74B539671C684F7700AB9823 /* PBXTargetDependency */ = {
			isa = PBXTargetDependency;
			target = 74B539401C684F7700AB9823 /* Photo Bombers */;
			targetProxy = 74B539661C684F7700AB9823 /* PBXContainerItemProxy */;
		};
/* End PBXTargetDependency section */

/* Begin PBXVariantGroup section */
		74B539521C684F7700AB9823 /* LaunchScreen.storyboard */ = {
			isa = PBXVariantGroup;
			children = (
				74B539531C684F7700AB9823 /* Base */,
			);
			name = LaunchScreen.storyboard;
			sourceTree = "<group>";
		};
/* End PBXVariantGroup section */

/* Begin XCBuildConfiguration section */
		74B5396C1C684F7700AB9823 /* Debug */ = {
			isa = XCBuildConfiguration;
			buildSettings = {
				ALWAYS_SEARCH_USER_PATHS = NO;
				CLANG_CXX_LANGUAGE_STANDARD = "gnu++0x";
				CLANG_CXX_LIBRARY = "libc++";
				CLANG_ENABLE_MODULES = YES;
				CLANG_ENABLE_OBJC_ARC = YES;
				CLANG_WARN_BOOL_CONVERSION = YES;
				CLANG_WARN_CONSTANT_CONVERSION = YES;
				CLANG_WARN_DIRECT_OBJC_ISA_USAGE = YES_ERROR;
				CLANG_WARN_EMPTY_BODY = YES;
				CLANG_WARN_ENUM_CONVERSION = YES;
				CLANG_WARN_INT_CONVERSION = YES;
				CLANG_WARN_OBJC_ROOT_CLASS = YES_ERROR;
				CLANG_WARN_UNREACHABLE_CODE = YES;
				CLANG_WARN__DUPLICATE_METHOD_MATCH = YES;
				"CODE_SIGN_IDENTITY[sdk=iphoneos*]" = "iPhone Developer";
				COPY_PHASE_STRIP = NO;
				DEBUG_INFORMATION_FORMAT = dwarf;
				ENABLE_STRICT_OBJC_MSGSEND = YES;
				ENABLE_TESTABILITY = YES;
				GCC_C_LANGUAGE_STANDARD = gnu99;
				GCC_DYNAMIC_NO_PIC = NO;
				GCC_NO_COMMON_BLOCKS = YES;
				GCC_OPTIMIZATION_LEVEL = 0;
				GCC_PREPROCESSOR_DEFINITIONS = (
					"DEBUG=1",
					"$(inherited)",
				);
				GCC_WARN_64_TO_32_BIT_CONVERSION = YES;
				GCC_WARN_ABOUT_RETURN_TYPE = YES_ERROR;
				GCC_WARN_UNDECLARED_SELECTOR = YES;
				GCC_WARN_UNINITIALIZED_AUTOS = YES_AGGRESSIVE;
				GCC_WARN_UNUSED_FUNCTION = YES;
				GCC_WARN_UNUSED_VARIABLE = YES;
				IPHONEOS_DEPLOYMENT_TARGET = 9.2;
				MTL_ENABLE_DEBUG_INFO = YES;
				ONLY_ACTIVE_ARCH = YES;
				SDKROOT = iphoneos;
			};
			name = Debug;
		};
		74B5396D1C684F7700AB9823 /* Release */ = {
			isa = XCBuildConfiguration;
			buildSettings = {
				ALWAYS_SEARCH_USER_PATHS = NO;
				CLANG_CXX_LANGUAGE_STANDARD = "gnu++0x";
				CLANG_CXX_LIBRARY = "libc++";
				CLANG_ENABLE_MODULES = YES;
				CLANG_ENABLE_OBJC_ARC = YES;
				CLANG_WARN_BOOL_CONVERSION = YES;
				CLANG_WARN_CONSTANT_CONVERSION = YES;
				CLANG_WARN_DIRECT_OBJC_ISA_USAGE = YES_ERROR;
				CLANG_WARN_EMPTY_BODY = YES;
				CLANG_WARN_ENUM_CONVERSION = YES;
				CLANG_WARN_INT_CONVERSION = YES;
				CLANG_WARN_OBJC_ROOT_CLASS = YES_ERROR;
				CLANG_WARN_UNREACHABLE_CODE = YES;
				CLANG_WARN__DUPLICATE_METHOD_MATCH = YES;
				"CODE_SIGN_IDENTITY[sdk=iphoneos*]" = "iPhone Developer";
				COPY_PHASE_STRIP = NO;
				DEBUG_INFORMATION_FORMAT = "dwarf-with-dsym";
				ENABLE_NS_ASSERTIONS = NO;
				ENABLE_STRICT_OBJC_MSGSEND = YES;
				GCC_C_LANGUAGE_STANDARD = gnu99;
				GCC_NO_COMMON_BLOCKS = YES;
				GCC_WARN_64_TO_32_BIT_CONVERSION = YES;
				GCC_WARN_ABOUT_RETURN_TYPE = YES_ERROR;
				GCC_WARN_UNDECLARED_SELECTOR = YES;
				GCC_WARN_UNINITIALIZED_AUTOS = YES_AGGRESSIVE;
				GCC_WARN_UNUSED_FUNCTION = YES;
				GCC_WARN_UNUSED_VARIABLE = YES;
				IPHONEOS_DEPLOYMENT_TARGET = 9.2;
				MTL_ENABLE_DEBUG_INFO = NO;
				SDKROOT = iphoneos;
				VALIDATE_PRODUCT = YES;
			};
			name = Release;
		};
		74B5396F1C684F7700AB9823 /* Debug */ = {
			isa = XCBuildConfiguration;
			buildSettings = {
				ASSETCATALOG_COMPILER_APPICON_NAME = AppIcon;
				INFOPLIST_FILE = "Photo Bombers/Info.plist";
				LD_RUNPATH_SEARCH_PATHS = "$(inherited) @executable_path/Frameworks";
				PRODUCT_BUNDLE_IDENTIFIER = "com.shanrammah.Photo-Bombers";
				PRODUCT_NAME = "$(TARGET_NAME)";
			};
			name = Debug;
		};
		74B539701C684F7700AB9823 /* Release */ = {
			isa = XCBuildConfiguration;
			buildSettings = {
				ASSETCATALOG_COMPILER_APPICON_NAME = AppIcon;
				INFOPLIST_FILE = "Photo Bombers/Info.plist";
				LD_RUNPATH_SEARCH_PATHS = "$(inherited) @executable_path/Frameworks";
				PRODUCT_BUNDLE_IDENTIFIER = "com.shanrammah.Photo-Bombers";
				PRODUCT_NAME = "$(TARGET_NAME)";
			};
			name = Release;
		};
		74B539721C684F7700AB9823 /* Debug */ = {
			isa = XCBuildConfiguration;
			buildSettings = {
				BUNDLE_LOADER = "$(TEST_HOST)";
				INFOPLIST_FILE = "Photo BombersTests/Info.plist";
				LD_RUNPATH_SEARCH_PATHS = "$(inherited) @executable_path/Frameworks @loader_path/Frameworks";
				PRODUCT_BUNDLE_IDENTIFIER = "com.shanrammah.Photo-BombersTests";
				PRODUCT_NAME = "$(TARGET_NAME)";
				TEST_HOST = "$(BUILT_PRODUCTS_DIR)/Photo Bombers.app/Photo Bombers";
			};
			name = Debug;
		};
		74B539731C684F7700AB9823 /* Release */ = {
			isa = XCBuildConfiguration;
			buildSettings = {
				BUNDLE_LOADER = "$(TEST_HOST)";
				INFOPLIST_FILE = "Photo BombersTests/Info.plist";
				LD_RUNPATH_SEARCH_PATHS = "$(inherited) @executable_path/Frameworks @loader_path/Frameworks";
				PRODUCT_BUNDLE_IDENTIFIER = "com.shanrammah.Photo-BombersTests";
				PRODUCT_NAME = "$(TARGET_NAME)";
				TEST_HOST = "$(BUILT_PRODUCTS_DIR)/Photo Bombers.app/Photo Bombers";
			};
			name = Release;
		};
		74B539751C684F7700AB9823 /* Debug */ = {
			isa = XCBuildConfiguration;
			buildSettings = {
				INFOPLIST_FILE = "Photo BombersUITests/Info.plist";
				LD_RUNPATH_SEARCH_PATHS = "$(inherited) @executable_path/Frameworks @loader_path/Frameworks";
				PRODUCT_BUNDLE_IDENTIFIER = "com.shanrammah.Photo-BombersUITests";
				PRODUCT_NAME = "$(TARGET_NAME)";
				TEST_TARGET_NAME = "Photo Bombers";
				USES_XCTRUNNER = YES;
			};
			name = Debug;
		};
		74B539761C684F7700AB9823 /* Release */ = {
			isa = XCBuildConfiguration;
			buildSettings = {
				INFOPLIST_FILE = "Photo BombersUITests/Info.plist";
				LD_RUNPATH_SEARCH_PATHS = "$(inherited) @executable_path/Frameworks @loader_path/Frameworks";
				PRODUCT_BUNDLE_IDENTIFIER = "com.shanrammah.Photo-BombersUITests";
				PRODUCT_NAME = "$(TARGET_NAME)";
				TEST_TARGET_NAME = "Photo Bombers";
				USES_XCTRUNNER = YES;
			};
			name = Release;
		};
/* End XCBuildConfiguration section */

/* Begin XCConfigurationList section */
		74B5393C1C684F7700AB9823 /* Build configuration list for PBXProject "Photo Bombers" */ = {
			isa = XCConfigurationList;
			buildConfigurations = (
				74B5396C1C684F7700AB9823 /* Debug */,
				74B5396D1C684F7700AB9823 /* Release */,
			);
			defaultConfigurationIsVisible = 0;
			defaultConfigurationName = Release;
		};
		74B5396E1C684F7700AB9823 /* Build configuration list for PBXNativeTarget "Photo Bombers" */ = {
			isa = XCConfigurationList;
			buildConfigurations = (
				74B5396F1C684F7700AB9823 /* Debug */,
				74B539701C684F7700AB9823 /* Release */,
			);
			defaultConfigurationIsVisible = 0;
		};
		74B539711C684F7700AB9823 /* Build configuration list for PBXNativeTarget "Photo BombersTests" */ = {
			isa = XCConfigurationList;
			buildConfigurations = (
				74B539721C684F7700AB9823 /* Debug */,
				74B539731C684F7700AB9823 /* Release */,
			);
			defaultConfigurationIsVisible = 0;
		};
		74B539741C684F7700AB9823 /* Build configuration list for PBXNativeTarget "Photo BombersUITests" */ = {
			isa = XCConfigurationList;
			buildConfigurations = (
				74B539751C684F7700AB9823 /* Debug */,
				74B539761C684F7700AB9823 /* Release */,
			);
			defaultConfigurationIsVisible = 0;
		};
/* End XCConfigurationList section */
	};
	rootObject = 74B539391C684F7700AB9823 /* Project object */;
}
